<Solution>
  <Project Path="CartivaWeb/CartivaWeb.csproj" />
  <Project Path="DataAccess/DataAccess.csproj" Id="1df124f7-d1d5-499c-858e-844138b151ce" />
  <Project Path="Models/Models.csproj" Id="e7aaa9e8-9871-4e16-814e-5497175244fe" />
  <Project Path="Utility/Utility.csproj" Id="a2722f4c-f902-4814-81f5-8edcf1a7b796" />
</Solution>
