<Solution>
  <Project Path="src/Cartiva.Application/Cartiva.Application.csproj" Id="1ea15119-33b6-4f41-af6a-3ed2e7aec2ee" />
  <Project Path="src/Cartiva.Domain/Cartiva.Domain.csproj" />
  <Project Path="src/Cartiva.Infrastructure/Cartiva.Infrastructure.csproj" />
  <Project Path="src/Cartiva.Persistence/Cartiva.Persistence.csproj" />
  <Project Path="src/Cartiva.Shared/Cartiva.Shared.csproj" />
  <Project Path="src/cartivaWeb/cartivaWeb.csproj" />
</Solution>
